
Microsoft Visual Studio Solution File, Format Version 12.00
# Visual Studio Version 16
VisualStudioVersion = 16.0.29123.88
MinimumVisualStudioVersion = 10.0.40219.1
Project("{FAE04EC0-301F-11D3-BF4B-00C04F79EFBC}") = "[OLC1]Proyecto1_201800714", "[OLC1]Proyecto1_201800714.csproj", "{5D7B8048-4BD0-49EC-BD2B-3CF5DBF18EA6}"
EndProject
Global
	GlobalSection(SolutionConfigurationPlatforms) = preSolution
		Debug|Any CPU = Debug|Any CPU
		Release|Any CPU = Release|Any CPU
	EndGlobalSection
	GlobalSection(ProjectConfigurationPlatforms) = postSolution
		{5D7B8048-4BD0-49EC-BD2B-3CF5DBF18EA6}.Debug|Any CPU.ActiveCfg = Debug|Any CPU
		{5D7B8048-4BD0-49EC-BD2B-3CF5DBF18EA6}.Debug|Any CPU.Build.0 = Debug|Any CPU
		{5D7B8048-4BD0-49EC-BD2B-3CF5DBF18EA6}.Release|Any CPU.ActiveCfg = Release|Any CPU
		{5D7B8048-4BD0-49EC-BD2B-3CF5DBF18EA6}.Release|Any CPU.Build.0 = Release|Any CPU
	EndGlobalSection
	GlobalSection(SolutionProperties) = preSolution
		HideSolutionNode = FALSE
	EndGlobalSection
	GlobalSection(ExtensibilityGlobals) = postSolution
		SolutionGuid = {AA44FC08-EF4D-4164-982A-499FE75B3ED6}
	EndGlobalSection
EndGlobal
